
Microsoft Visual Studio Solution File, Format Version 12.00
# Visual Studio Version 17
VisualStudioVersion = 17.0.31903.59
MinimumVisualStudioVersion = 10.0.40219.1
Project("{FAE04EC0-301F-11D3-BF4B-00C04F79EFBC}") = "DesktopTestRig", "DesktopTestRig\DesktopTestRig.csproj", "{28F762C8-6978-4707-AE41-953DFA6D47DE}"
EndProject
Project("{FAE04EC0-301F-11D3-BF4B-00C04F79EFBC}") = "DesktopTestRig.Cli", "DesktopTestRig.Cli\DesktopTestRig.Cli.csproj", "{B5E915A6-0EDB-419B-9B60-12E4EC48E368}"
EndProject
Project("{FAE04EC0-301F-11D3-BF4B-00C04F79EFBC}") = "DesktopTestRig.Tests", "DesktopTestRig.Tests\DesktopTestRig.Tests.csproj", "{A6E85CCD-2149-4513-9C05-2787360FB957}"
EndProject
Project("{FAE04EC0-301F-11D3-BF4B-00C04F79EFBC}") = "DesktopTestRig.Cli.Tests", "DesktopTestRig.Cli.Tests\DesktopTestRig.Cli.Tests.csproj", "{FBCC3988-3BA6-4BBE-88DF-3419D9C47303}"
EndProject
Project("{FAE04EC0-301F-11D3-BF4B-00C04F79EFBC}") = "DesktopTestRig.InjectorLauncher", "DesktopTestRig.InjectorLauncher\DesktopTestRig.InjectorLauncher.csproj", "{126C2986-2493-4C81-9A8E-4E5E620AE10F}"
EndProject
Project("{8BC9CEB8-8B4A-11D0-8D11-00A0C91BC942}") = "DesktopTestRig.GenericInjector", "DesktopTestRig.GenericInjector\DesktopTestRig.GenericInjector.vcxproj", "{BF1982E4-0690-47C2-9000-EA2AB9A4E8C5}"
EndProject
Project("{2150E333-8FDC-42A3-9474-1A3956D46DE8}") = "Solution Items", "Solution Items", "{A36A9314-5AE3-4997-B070-350D9544544D}"
	ProjectSection(SolutionItems) = preProject
		.editorconfig = .editorconfig
		.gitattributes = .gitattributes
		.gitignore = .gitignore
		.vsconfig = .vsconfig
		build.cmd = build.cmd
		build.ps1 = build.ps1
		Directory.Build.props = Directory.Build.props
		Directory.Build.targets = Directory.Build.targets
		Directory.Packages.props = Directory.Packages.props
		global.json = global.json
	EndProjectSection
EndProject
Project("{FAE04EC0-301F-11D3-BF4B-00C04F79EFBC}") = "DesktopTestRig.Mcp", "DesktopTestRig.Mcp\DesktopTestRig.Mcp.csproj", "{2D80A5C5-BFD7-4F9C-86D7-C4CF3C9E7F6A}"
EndProject
Project("{FAE04EC0-301F-11D3-BF4B-00C04F79EFBC}") = "DesktopTestRig.Mcp.Tests", "DesktopTestRig.Mcp.Tests\DesktopTestRig.Mcp.Tests.csproj", "{A3850A84-8B8B-4EE9-915B-D78B6EA74695}"
EndProject
Project("{FAE04EC0-301F-11D3-BF4B-00C04F79EFBC}") = "DesktopTestRig.Recorder", "DesktopTestRig.Recorder\DesktopTestRig.Recorder.csproj", "{9A1887AC-0639-4B2B-8DF8-9E46805A6907}"
	ProjectSection(ProjectDependencies) = postProject
		{126C2986-2493-4C81-9A8E-4E5E620AE10F} = {126C2986-2493-4C81-9A8E-4E5E620AE10F}
		{BF1982E4-0690-47C2-9000-EA2AB9A4E8C5} = {BF1982E4-0690-47C2-9000-EA2AB9A4E8C5}
	EndProjectSection
EndProject
Project("{FAE04EC0-301F-11D3-BF4B-00C04F79EFBC}") = "DesktopTestRig.Payload", "DesktopTestRig.Payload\DesktopTestRig.Payload.csproj", "{04F43528-E711-48A9-8379-312DA30B1396}"
EndProject
Project("{FAE04EC0-301F-11D3-BF4B-00C04F79EFBC}") = "DesktopTestRig.Payload.Tests", "DesktopTestRig.Payload.Tests\DesktopTestRig.Payload.Tests.csproj", "{DE136A24-5E5B-44D4-B67A-D00AF11976E3}"
EndProject
Project("{FAE04EC0-301F-11D3-BF4B-00C04F79EFBC}") = "DesktopTestRig.Media.FFmpeg", "DesktopTestRig.Media.FFmpeg\DesktopTestRig.Media.FFmpeg.csproj", "{76C52C98-C7E3-4FE9-91A6-6BB695255D1D}"
EndProject
Project("{2150E333-8FDC-42A3-9474-1A3956D46DE8}") = "TestHarnesses", "TestHarnesses", "{730E8C71-6994-0222-B360-75016F526171}"
EndProject
Project("{FAE04EC0-301F-11D3-BF4B-00C04F79EFBC}") = "HelloWorld", "TestHarnesses\HelloWorld\HelloWorld.csproj", "{2B32F87C-1466-476E-B0CA-17E84E43EDFA}"
EndProject
Project("{FAE04EC0-301F-11D3-BF4B-00C04F79EFBC}") = "DesktopTestRig.Automation", "DesktopTestRig.Automation\DesktopTestRig.Automation.csproj", "{4E100F3F-181D-458C-B4F8-055FE2D0D1AA}"
EndProject
Global
	GlobalSection(SolutionConfigurationPlatforms) = preSolution
		Debug|Any CPU = Debug|Any CPU
		Debug|x64 = Debug|x64
		Debug|x86 = Debug|x86
		Release|Any CPU = Release|Any CPU
		Release|x64 = Release|x64
		Release|x86 = Release|x86
	EndGlobalSection
	GlobalSection(ProjectConfigurationPlatforms) = postSolution
		{28F762C8-6978-4707-AE41-953DFA6D47DE}.Debug|Any CPU.ActiveCfg = Debug|Any CPU
		{28F762C8-6978-4707-AE41-953DFA6D47DE}.Debug|Any CPU.Build.0 = Debug|Any CPU
		{28F762C8-6978-4707-AE41-953DFA6D47DE}.Debug|x64.ActiveCfg = Debug|x64
		{28F762C8-6978-4707-AE41-953DFA6D47DE}.Debug|x64.Build.0 = Debug|x64
		{28F762C8-6978-4707-AE41-953DFA6D47DE}.Debug|x86.ActiveCfg = Debug|x86
		{28F762C8-6978-4707-AE41-953DFA6D47DE}.Debug|x86.Build.0 = Debug|x86
		{28F762C8-6978-4707-AE41-953DFA6D47DE}.Release|Any CPU.ActiveCfg = Release|Any CPU
		{28F762C8-6978-4707-AE41-953DFA6D47DE}.Release|Any CPU.Build.0 = Release|Any CPU
		{28F762C8-6978-4707-AE41-953DFA6D47DE}.Release|x64.ActiveCfg = Release|x64
		{28F762C8-6978-4707-AE41-953DFA6D47DE}.Release|x64.Build.0 = Release|x64
		{28F762C8-6978-4707-AE41-953DFA6D47DE}.Release|x86.ActiveCfg = Release|x86
		{28F762C8-6978-4707-AE41-953DFA6D47DE}.Release|x86.Build.0 = Release|x86
		{B5E915A6-0EDB-419B-9B60-12E4EC48E368}.Debug|Any CPU.ActiveCfg = Debug|Any CPU
		{B5E915A6-0EDB-419B-9B60-12E4EC48E368}.Debug|Any CPU.Build.0 = Debug|Any CPU
		{B5E915A6-0EDB-419B-9B60-12E4EC48E368}.Debug|x64.ActiveCfg = Debug|Any CPU
		{B5E915A6-0EDB-419B-9B60-12E4EC48E368}.Debug|x64.Build.0 = Debug|Any CPU
		{B5E915A6-0EDB-419B-9B60-12E4EC48E368}.Debug|x86.ActiveCfg = Debug|Any CPU
		{B5E915A6-0EDB-419B-9B60-12E4EC48E368}.Debug|x86.Build.0 = Debug|Any CPU
		{B5E915A6-0EDB-419B-9B60-12E4EC48E368}.Release|Any CPU.ActiveCfg = Release|Any CPU
		{B5E915A6-0EDB-419B-9B60-12E4EC48E368}.Release|Any CPU.Build.0 = Release|Any CPU
		{B5E915A6-0EDB-419B-9B60-12E4EC48E368}.Release|x64.ActiveCfg = Release|Any CPU
		{B5E915A6-0EDB-419B-9B60-12E4EC48E368}.Release|x64.Build.0 = Release|Any CPU
		{B5E915A6-0EDB-419B-9B60-12E4EC48E368}.Release|x86.ActiveCfg = Release|Any CPU
		{B5E915A6-0EDB-419B-9B60-12E4EC48E368}.Release|x86.Build.0 = Release|Any CPU
		{A6E85CCD-2149-4513-9C05-2787360FB957}.Debug|Any CPU.ActiveCfg = Debug|Any CPU
		{A6E85CCD-2149-4513-9C05-2787360FB957}.Debug|Any CPU.Build.0 = Debug|Any CPU
		{A6E85CCD-2149-4513-9C05-2787360FB957}.Debug|x64.ActiveCfg = Debug|Any CPU
		{A6E85CCD-2149-4513-9C05-2787360FB957}.Debug|x64.Build.0 = Debug|Any CPU
		{A6E85CCD-2149-4513-9C05-2787360FB957}.Debug|x86.ActiveCfg = Debug|Any CPU
		{A6E85CCD-2149-4513-9C05-2787360FB957}.Debug|x86.Build.0 = Debug|Any CPU
		{A6E85CCD-2149-4513-9C05-2787360FB957}.Release|Any CPU.ActiveCfg = Release|Any CPU
		{A6E85CCD-2149-4513-9C05-2787360FB957}.Release|Any CPU.Build.0 = Release|Any CPU
		{A6E85CCD-2149-4513-9C05-2787360FB957}.Release|x64.ActiveCfg = Release|Any CPU
		{A6E85CCD-2149-4513-9C05-2787360FB957}.Release|x64.Build.0 = Release|Any CPU
		{A6E85CCD-2149-4513-9C05-2787360FB957}.Release|x86.ActiveCfg = Release|Any CPU
		{A6E85CCD-2149-4513-9C05-2787360FB957}.Release|x86.Build.0 = Release|Any CPU
		{FBCC3988-3BA6-4BBE-88DF-3419D9C47303}.Debug|Any CPU.ActiveCfg = Debug|Any CPU
		{FBCC3988-3BA6-4BBE-88DF-3419D9C47303}.Debug|Any CPU.Build.0 = Debug|Any CPU
		{FBCC3988-3BA6-4BBE-88DF-3419D9C47303}.Debug|x64.ActiveCfg = Debug|Any CPU
		{FBCC3988-3BA6-4BBE-88DF-3419D9C47303}.Debug|x64.Build.0 = Debug|Any CPU
		{FBCC3988-3BA6-4BBE-88DF-3419D9C47303}.Debug|x86.ActiveCfg = Debug|Any CPU
		{FBCC3988-3BA6-4BBE-88DF-3419D9C47303}.Debug|x86.Build.0 = Debug|Any CPU
		{FBCC3988-3BA6-4BBE-88DF-3419D9C47303}.Release|Any CPU.ActiveCfg = Release|Any CPU
		{FBCC3988-3BA6-4BBE-88DF-3419D9C47303}.Release|Any CPU.Build.0 = Release|Any CPU
		{FBCC3988-3BA6-4BBE-88DF-3419D9C47303}.Release|x64.ActiveCfg = Release|Any CPU
		{FBCC3988-3BA6-4BBE-88DF-3419D9C47303}.Release|x64.Build.0 = Release|Any CPU
		{FBCC3988-3BA6-4BBE-88DF-3419D9C47303}.Release|x86.ActiveCfg = Release|Any CPU
		{FBCC3988-3BA6-4BBE-88DF-3419D9C47303}.Release|x86.Build.0 = Release|Any CPU
		{126C2986-2493-4C81-9A8E-4E5E620AE10F}.Debug|Any CPU.ActiveCfg = Debug|Any CPU
		{126C2986-2493-4C81-9A8E-4E5E620AE10F}.Debug|Any CPU.Build.0 = Debug|Any CPU
		{126C2986-2493-4C81-9A8E-4E5E620AE10F}.Debug|x64.ActiveCfg = Debug|x64
		{126C2986-2493-4C81-9A8E-4E5E620AE10F}.Debug|x64.Build.0 = Debug|x64
		{126C2986-2493-4C81-9A8E-4E5E620AE10F}.Debug|x86.ActiveCfg = Debug|x86
		{126C2986-2493-4C81-9A8E-4E5E620AE10F}.Debug|x86.Build.0 = Debug|x86
		{126C2986-2493-4C81-9A8E-4E5E620AE10F}.Release|Any CPU.ActiveCfg = Release|Any CPU
		{126C2986-2493-4C81-9A8E-4E5E620AE10F}.Release|Any CPU.Build.0 = Release|Any CPU
		{126C2986-2493-4C81-9A8E-4E5E620AE10F}.Release|x64.ActiveCfg = Release|x64
		{126C2986-2493-4C81-9A8E-4E5E620AE10F}.Release|x64.Build.0 = Release|x64
		{126C2986-2493-4C81-9A8E-4E5E620AE10F}.Release|x86.ActiveCfg = Release|x86
		{126C2986-2493-4C81-9A8E-4E5E620AE10F}.Release|x86.Build.0 = Release|x86
		{BF1982E4-0690-47C2-9000-EA2AB9A4E8C5}.Debug|Any CPU.ActiveCfg = Debug|Win32
		{BF1982E4-0690-47C2-9000-EA2AB9A4E8C5}.Debug|Any CPU.Build.0 = Debug|Win32
		{BF1982E4-0690-47C2-9000-EA2AB9A4E8C5}.Debug|x64.ActiveCfg = Debug|x64
		{BF1982E4-0690-47C2-9000-EA2AB9A4E8C5}.Debug|x64.Build.0 = Debug|x64
		{BF1982E4-0690-47C2-9000-EA2AB9A4E8C5}.Debug|x86.ActiveCfg = Debug|Win32
		{BF1982E4-0690-47C2-9000-EA2AB9A4E8C5}.Debug|x86.Build.0 = Debug|Win32
		{BF1982E4-0690-47C2-9000-EA2AB9A4E8C5}.Release|Any CPU.ActiveCfg = Release|Win32
		{BF1982E4-0690-47C2-9000-EA2AB9A4E8C5}.Release|Any CPU.Build.0 = Release|Win32
		{BF1982E4-0690-47C2-9000-EA2AB9A4E8C5}.Release|x64.ActiveCfg = Release|x64
		{BF1982E4-0690-47C2-9000-EA2AB9A4E8C5}.Release|x64.Build.0 = Release|x64
		{BF1982E4-0690-47C2-9000-EA2AB9A4E8C5}.Release|x86.ActiveCfg = Release|Win32
		{BF1982E4-0690-47C2-9000-EA2AB9A4E8C5}.Release|x86.Build.0 = Release|Win32
		{2D80A5C5-BFD7-4F9C-86D7-C4CF3C9E7F6A}.Debug|Any CPU.ActiveCfg = Debug|Any CPU
		{2D80A5C5-BFD7-4F9C-86D7-C4CF3C9E7F6A}.Debug|Any CPU.Build.0 = Debug|Any CPU
		{2D80A5C5-BFD7-4F9C-86D7-C4CF3C9E7F6A}.Debug|x64.ActiveCfg = Debug|Any CPU
		{2D80A5C5-BFD7-4F9C-86D7-C4CF3C9E7F6A}.Debug|x64.Build.0 = Debug|Any CPU
		{2D80A5C5-BFD7-4F9C-86D7-C4CF3C9E7F6A}.Debug|x86.ActiveCfg = Debug|Any CPU
		{2D80A5C5-BFD7-4F9C-86D7-C4CF3C9E7F6A}.Debug|x86.Build.0 = Debug|Any CPU
		{2D80A5C5-BFD7-4F9C-86D7-C4CF3C9E7F6A}.Release|Any CPU.ActiveCfg = Release|Any CPU
		{2D80A5C5-BFD7-4F9C-86D7-C4CF3C9E7F6A}.Release|Any CPU.Build.0 = Release|Any CPU
		{2D80A5C5-BFD7-4F9C-86D7-C4CF3C9E7F6A}.Release|x64.ActiveCfg = Release|Any CPU
		{2D80A5C5-BFD7-4F9C-86D7-C4CF3C9E7F6A}.Release|x64.Build.0 = Release|Any CPU
		{2D80A5C5-BFD7-4F9C-86D7-C4CF3C9E7F6A}.Release|x86.ActiveCfg = Release|Any CPU
		{2D80A5C5-BFD7-4F9C-86D7-C4CF3C9E7F6A}.Release|x86.Build.0 = Release|Any CPU
		{A3850A84-8B8B-4EE9-915B-D78B6EA74695}.Debug|Any CPU.ActiveCfg = Debug|Any CPU
		{A3850A84-8B8B-4EE9-915B-D78B6EA74695}.Debug|Any CPU.Build.0 = Debug|Any CPU
		{A3850A84-8B8B-4EE9-915B-D78B6EA74695}.Debug|x64.ActiveCfg = Debug|Any CPU
		{A3850A84-8B8B-4EE9-915B-D78B6EA74695}.Debug|x64.Build.0 = Debug|Any CPU
		{A3850A84-8B8B-4EE9-915B-D78B6EA74695}.Debug|x86.ActiveCfg = Debug|Any CPU
		{A3850A84-8B8B-4EE9-915B-D78B6EA74695}.Debug|x86.Build.0 = Debug|Any CPU
		{A3850A84-8B8B-4EE9-915B-D78B6EA74695}.Release|Any CPU.ActiveCfg = Release|Any CPU
		{A3850A84-8B8B-4EE9-915B-D78B6EA74695}.Release|Any CPU.Build.0 = Release|Any CPU
		{A3850A84-8B8B-4EE9-915B-D78B6EA74695}.Release|x64.ActiveCfg = Release|Any CPU
		{A3850A84-8B8B-4EE9-915B-D78B6EA74695}.Release|x64.Build.0 = Release|Any CPU
		{A3850A84-8B8B-4EE9-915B-D78B6EA74695}.Release|x86.ActiveCfg = Release|Any CPU
		{A3850A84-8B8B-4EE9-915B-D78B6EA74695}.Release|x86.Build.0 = Release|Any CPU
		{9A1887AC-0639-4B2B-8DF8-9E46805A6907}.Debug|Any CPU.ActiveCfg = Debug|Any CPU
		{9A1887AC-0639-4B2B-8DF8-9E46805A6907}.Debug|Any CPU.Build.0 = Debug|Any CPU
		{9A1887AC-0639-4B2B-8DF8-9E46805A6907}.Debug|x64.ActiveCfg = Debug|Any CPU
		{9A1887AC-0639-4B2B-8DF8-9E46805A6907}.Debug|x64.Build.0 = Debug|Any CPU
		{9A1887AC-0639-4B2B-8DF8-9E46805A6907}.Debug|x86.ActiveCfg = Debug|Any CPU
		{9A1887AC-0639-4B2B-8DF8-9E46805A6907}.Debug|x86.Build.0 = Debug|Any CPU
		{9A1887AC-0639-4B2B-8DF8-9E46805A6907}.Release|Any CPU.ActiveCfg = Release|Any CPU
		{9A1887AC-0639-4B2B-8DF8-9E46805A6907}.Release|Any CPU.Build.0 = Release|Any CPU
		{9A1887AC-0639-4B2B-8DF8-9E46805A6907}.Release|x64.ActiveCfg = Release|Any CPU
		{9A1887AC-0639-4B2B-8DF8-9E46805A6907}.Release|x64.Build.0 = Release|Any CPU
		{9A1887AC-0639-4B2B-8DF8-9E46805A6907}.Release|x86.ActiveCfg = Release|Any CPU
		{9A1887AC-0639-4B2B-8DF8-9E46805A6907}.Release|x86.Build.0 = Release|Any CPU
		{04F43528-E711-48A9-8379-312DA30B1396}.Debug|Any CPU.ActiveCfg = Debug|Any CPU
		{04F43528-E711-48A9-8379-312DA30B1396}.Debug|Any CPU.Build.0 = Debug|Any CPU
		{04F43528-E711-48A9-8379-312DA30B1396}.Debug|x64.ActiveCfg = Debug|Any CPU
		{04F43528-E711-48A9-8379-312DA30B1396}.Debug|x64.Build.0 = Debug|Any CPU
		{04F43528-E711-48A9-8379-312DA30B1396}.Debug|x86.ActiveCfg = Debug|Any CPU
		{04F43528-E711-48A9-8379-312DA30B1396}.Debug|x86.Build.0 = Debug|Any CPU
		{04F43528-E711-48A9-8379-312DA30B1396}.Release|Any CPU.ActiveCfg = Release|Any CPU
		{04F43528-E711-48A9-8379-312DA30B1396}.Release|Any CPU.Build.0 = Release|Any CPU
		{04F43528-E711-48A9-8379-312DA30B1396}.Release|x64.ActiveCfg = Release|Any CPU
		{04F43528-E711-48A9-8379-312DA30B1396}.Release|x64.Build.0 = Release|Any CPU
		{04F43528-E711-48A9-8379-312DA30B1396}.Release|x86.ActiveCfg = Release|Any CPU
		{04F43528-E711-48A9-8379-312DA30B1396}.Release|x86.Build.0 = Release|Any CPU
		{DE136A24-5E5B-44D4-B67A-D00AF11976E3}.Debug|Any CPU.ActiveCfg = Debug|Any CPU
		{DE136A24-5E5B-44D4-B67A-D00AF11976E3}.Debug|Any CPU.Build.0 = Debug|Any CPU
		{DE136A24-5E5B-44D4-B67A-D00AF11976E3}.Debug|x64.ActiveCfg = Debug|Any CPU
		{DE136A24-5E5B-44D4-B67A-D00AF11976E3}.Debug|x64.Build.0 = Debug|Any CPU
		{DE136A24-5E5B-44D4-B67A-D00AF11976E3}.Debug|x86.ActiveCfg = Debug|Any CPU
		{DE136A24-5E5B-44D4-B67A-D00AF11976E3}.Debug|x86.Build.0 = Debug|Any CPU
		{DE136A24-5E5B-44D4-B67A-D00AF11976E3}.Release|Any CPU.ActiveCfg = Release|Any CPU
		{DE136A24-5E5B-44D4-B67A-D00AF11976E3}.Release|Any CPU.Build.0 = Release|Any CPU
		{DE136A24-5E5B-44D4-B67A-D00AF11976E3}.Release|x64.ActiveCfg = Release|Any CPU
		{DE136A24-5E5B-44D4-B67A-D00AF11976E3}.Release|x64.Build.0 = Release|Any CPU
		{DE136A24-5E5B-44D4-B67A-D00AF11976E3}.Release|x86.ActiveCfg = Release|Any CPU
		{DE136A24-5E5B-44D4-B67A-D00AF11976E3}.Release|x86.Build.0 = Release|Any CPU
		{76C52C98-C7E3-4FE9-91A6-6BB695255D1D}.Debug|Any CPU.ActiveCfg = Debug|Any CPU
		{76C52C98-C7E3-4FE9-91A6-6BB695255D1D}.Debug|Any CPU.Build.0 = Debug|Any CPU
		{76C52C98-C7E3-4FE9-91A6-6BB695255D1D}.Debug|x64.ActiveCfg = Debug|Any CPU
		{76C52C98-C7E3-4FE9-91A6-6BB695255D1D}.Debug|x64.Build.0 = Debug|Any CPU
		{76C52C98-C7E3-4FE9-91A6-6BB695255D1D}.Debug|x86.ActiveCfg = Debug|Any CPU
		{76C52C98-C7E3-4FE9-91A6-6BB695255D1D}.Debug|x86.Build.0 = Debug|Any CPU
		{76C52C98-C7E3-4FE9-91A6-6BB695255D1D}.Release|Any CPU.ActiveCfg = Release|Any CPU
		{76C52C98-C7E3-4FE9-91A6-6BB695255D1D}.Release|Any CPU.Build.0 = Release|Any CPU
		{76C52C98-C7E3-4FE9-91A6-6BB695255D1D}.Release|x64.ActiveCfg = Release|Any CPU
		{76C52C98-C7E3-4FE9-91A6-6BB695255D1D}.Release|x64.Build.0 = Release|Any CPU
		{76C52C98-C7E3-4FE9-91A6-6BB695255D1D}.Release|x86.ActiveCfg = Release|Any CPU
		{76C52C98-C7E3-4FE9-91A6-6BB695255D1D}.Release|x86.Build.0 = Release|Any CPU
		{2B32F87C-1466-476E-B0CA-17E84E43EDFA}.Debug|Any CPU.ActiveCfg = Debug|Any CPU
		{2B32F87C-1466-476E-B0CA-17E84E43EDFA}.Debug|Any CPU.Build.0 = Debug|Any CPU
		{2B32F87C-1466-476E-B0CA-17E84E43EDFA}.Debug|x64.ActiveCfg = Debug|Any CPU
		{2B32F87C-1466-476E-B0CA-17E84E43EDFA}.Debug|x64.Build.0 = Debug|Any CPU
		{2B32F87C-1466-476E-B0CA-17E84E43EDFA}.Debug|x86.ActiveCfg = Debug|Any CPU
		{2B32F87C-1466-476E-B0CA-17E84E43EDFA}.Debug|x86.Build.0 = Debug|Any CPU
		{2B32F87C-1466-476E-B0CA-17E84E43EDFA}.Release|Any CPU.ActiveCfg = Release|Any CPU
		{2B32F87C-1466-476E-B0CA-17E84E43EDFA}.Release|Any CPU.Build.0 = Release|Any CPU
		{2B32F87C-1466-476E-B0CA-17E84E43EDFA}.Release|x64.ActiveCfg = Release|Any CPU
		{2B32F87C-1466-476E-B0CA-17E84E43EDFA}.Release|x64.Build.0 = Release|Any CPU
		{2B32F87C-1466-476E-B0CA-17E84E43EDFA}.Release|x86.ActiveCfg = Release|Any CPU
		{2B32F87C-1466-476E-B0CA-17E84E43EDFA}.Release|x86.Build.0 = Release|Any CPU
		{4E100F3F-181D-458C-B4F8-055FE2D0D1AA}.Debug|Any CPU.ActiveCfg = Debug|Any CPU
		{4E100F3F-181D-458C-B4F8-055FE2D0D1AA}.Debug|Any CPU.Build.0 = Debug|Any CPU
		{4E100F3F-181D-458C-B4F8-055FE2D0D1AA}.Debug|x64.ActiveCfg = Debug|Any CPU
		{4E100F3F-181D-458C-B4F8-055FE2D0D1AA}.Debug|x64.Build.0 = Debug|Any CPU
		{4E100F3F-181D-458C-B4F8-055FE2D0D1AA}.Debug|x86.ActiveCfg = Debug|Any CPU
		{4E100F3F-181D-458C-B4F8-055FE2D0D1AA}.Debug|x86.Build.0 = Debug|Any CPU
		{4E100F3F-181D-458C-B4F8-055FE2D0D1AA}.Release|Any CPU.ActiveCfg = Release|Any CPU
		{4E100F3F-181D-458C-B4F8-055FE2D0D1AA}.Release|Any CPU.Build.0 = Release|Any CPU
		{4E100F3F-181D-458C-B4F8-055FE2D0D1AA}.Release|x64.ActiveCfg = Release|Any CPU
		{4E100F3F-181D-458C-B4F8-055FE2D0D1AA}.Release|x64.Build.0 = Release|Any CPU
		{4E100F3F-181D-458C-B4F8-055FE2D0D1AA}.Release|x86.ActiveCfg = Release|Any CPU
		{4E100F3F-181D-458C-B4F8-055FE2D0D1AA}.Release|x86.Build.0 = Release|Any CPU
	EndGlobalSection
	GlobalSection(SolutionProperties) = preSolution
		HideSolutionNode = FALSE
	EndGlobalSection
	GlobalSection(NestedProjects) = preSolution
		{2B32F87C-1466-476E-B0CA-17E84E43EDFA} = {730E8C71-6994-0222-B360-75016F526171}
	EndGlobalSection
EndGlobal
